
Microsoft Visual Studio Solution File, Format Version 12.00
# Visual Studio Version 17
VisualStudioVersion = 17.3.32922.545
MinimumVisualStudioVersion = 10.0.40219.1
Project("{FAE04EC0-301F-11D3-BF4B-00C04F79EFBC}") = "TUGAS_PPMPL", "TUGAS_PPMPL\TUGAS_PPMPL.csproj", "{DAA4127E-C8F9-4889-8877-C7294DCD8935}"
EndProject
Global
	GlobalSection(SolutionConfigurationPlatforms) = preSolution
		Debug|Any CPU = Debug|Any CPU
		Release|Any CPU = Release|Any CPU
	EndGlobalSection
	GlobalSection(ProjectConfigurationPlatforms) = postSolution
		{DAA4127E-C8F9-4889-8877-C7294DCD8935}.Debug|Any CPU.ActiveCfg = Debug|Any CPU
		{DAA4127E-C8F9-4889-8877-C7294DCD8935}.Debug|Any CPU.Build.0 = Debug|Any CPU
		{DAA4127E-C8F9-4889-8877-C7294DCD8935}.Release|Any CPU.ActiveCfg = Release|Any CPU
		{DAA4127E-C8F9-4889-8877-C7294DCD8935}.Release|Any CPU.Build.0 = Release|Any CPU
	EndGlobalSection
	GlobalSection(SolutionProperties) = preSolution
		HideSolutionNode = FALSE
	EndGlobalSection
	GlobalSection(ExtensibilityGlobals) = postSolution
		SolutionGuid = {3BE83BC3-C59B-49C6-8894-9DF64582D6D1}
	EndGlobalSection
EndGlobal
